
Microsoft Visual Studio Solution File, Format Version 12.00
# Visual Studio Version 17
VisualStudioVersion = 17.0.31912.275
MinimumVisualStudioVersion = 10.0.40219.1
Project("{FAE04EC0-301F-11D3-BF4B-00C04F79EFBC}") = "HE141028_HieuPT_PRN211_Project", "HE141028_HieuPT_PRN211_Project\HE141028_HieuPT_PRN211_Project.csproj", "{2414489A-3E2C-4086-9A63-8B60C31A8420}"
EndProject
Global
	GlobalSection(SolutionConfigurationPlatforms) = preSolution
		Debug|Any CPU = Debug|Any CPU
		Release|Any CPU = Release|Any CPU
	EndGlobalSection
	GlobalSection(ProjectConfigurationPlatforms) = postSolution
		{2414489A-3E2C-4086-9A63-8B60C31A8420}.Debug|Any CPU.ActiveCfg = Debug|Any CPU
		{2414489A-3E2C-4086-9A63-8B60C31A8420}.Debug|Any CPU.Build.0 = Debug|Any CPU
		{2414489A-3E2C-4086-9A63-8B60C31A8420}.Release|Any CPU.ActiveCfg = Release|Any CPU
		{2414489A-3E2C-4086-9A63-8B60C31A8420}.Release|Any CPU.Build.0 = Release|Any CPU
	EndGlobalSection
	GlobalSection(SolutionProperties) = preSolution
		HideSolutionNode = FALSE
	EndGlobalSection
	GlobalSection(ExtensibilityGlobals) = postSolution
		SolutionGuid = {2843D24A-293D-468A-9FF7-14DA0E270840}
	EndGlobalSection
EndGlobal
